---
lockfileVersion: '9.0'

importers:

  .:
    configDependencies: {}
    packageManagerDependencies:
      '@pnpm/exe':
        specifier: ^11.5.2
        version: 11.5.3
      pnpm:
        specifier: ^11.5.2
        version: 11.5.3

packages:

  '@pnpm/exe@11.5.3':
    resolution: {integrity: sha512-eb8921VsrlLhIf6z/6lopFZ25MH60qgybvPBMHH17s8AAcfh5ipBAHBpxZ3PKNNpJ7v8aZZdZkccDBjwfsUjsA==}
    hasBin: true

  '@pnpm/linux-arm64@11.5.3':
    resolution: {integrity: sha512-3UebCq+4osz5/p6GNfH8iEepCUchGDS778ShcIHkJioCUV/QnmLI3IT0MYOymwc+p5/+ECZlUYEfON2FH2seOg==}
    cpu: [arm64]
    os: [linux]

  '@pnpm/linux-x64@11.5.3':
    resolution: {integrity: sha512-fqAhjHjTcu16uryQb1JSbvGThaYp32vuu52teL4FhBaXC1fsgcqWoOEQgFnGfJKXAQO8jEKDb/1BiScQFV+O9g==}
    cpu: [x64]
    os: [linux]

  '@pnpm/linuxstatic-arm64@11.5.3':
    resolution: {integrity: sha512-z+bw8dIFhFL4Ou82Emjmdd6YndIg2R/KSbx+b5quD9v44V3cZ6OBMdddshCxzq/YEWsB6lCs/86ThbmWojJ7Vw==}
    cpu: [arm64]
    os: [linux]
    libc: [musl]

  '@pnpm/linuxstatic-x64@11.5.3':
    resolution: {integrity: sha512-05FvuSx6G1c+ZNs4j/TQldy09YFkfXkvq+MgFplEFIUguLShQi88gkvBBSt1v2RiIPdnjn/kHN7FmyL++RiXZw==}
    cpu: [x64]
    os: [linux]
    libc: [musl]

  '@pnpm/macos-arm64@11.5.3':
    resolution: {integrity: sha512-nyQs/0yUZAHszkEGdDvOz964aPPzrMw+PGh6yIEYNMEzZfxSLEzD4No1qHj7AOplYmSB9tRazHp7o6einjE6pA==}
    cpu: [arm64]
    os: [darwin]

  '@pnpm/win-arm64@11.5.3':
    resolution: {integrity: sha512-7DOlug2CLCuRdWTar5ljDQNpvLLphJXqb3nDw2Vx+9vUhHjbfJRFrjZ+fYj5APoUUZv1esMaiAql4dNEqYVo1Q==}
    cpu: [arm64]
    os: [win32]

  '@pnpm/win-x64@11.5.3':
    resolution: {integrity: sha512-hnIv1nVlTjEr7H415bVEfNVH65sfHClvuWd35fkR1WLVut+dHBSKqQNeDd4auJCeFtiSSVvIingsNS63abAWUQ==}
    cpu: [x64]
    os: [win32]

  '@reflink/reflink-darwin-arm64@0.1.19':
    resolution: {integrity: sha512-ruy44Lpepdk1FqDz38vExBY/PVUsjxZA+chd9wozjUH9JjuDT/HEaQYA6wYN9mf041l0yLVar6BCZuWABJvHSA==}
    engines: {node: '>= 10'}
    cpu: [arm64]
    os: [darwin]

  '@reflink/reflink-darwin-x64@0.1.19':
    resolution: {integrity: sha512-By85MSWrMZa+c26TcnAy8SDk0sTUkYlNnwknSchkhHpGXOtjNDUOxJE9oByBnGbeuIE1PiQsxDG3Ud+IVV9yuA==}
    engines: {node: '>= 10'}
    cpu: [x64]
    os: [darwin]

  '@reflink/reflink-linux-arm64-gnu@0.1.19':
    resolution: {integrity: sha512-7P+er8+rP9iNeN+bfmccM4hTAaLP6PQJPKWSA4iSk2bNvo6KU6RyPgYeHxXmzNKzPVRcypZQTpFgstHam6maVg==}
    engines: {node: '>= 10'}
    cpu: [arm64]
    os: [linux]
    libc: [glibc]

  '@reflink/reflink-linux-arm64-musl@0.1.19':
    resolution: {integrity: sha512-37iO/Dp6m5DDaC2sf3zPtx/hl9FV3Xze4xoYidrxxS9bgP3S8ALroxRK6xBG/1TtfXKTvolvp+IjrUU6ujIGmA==}
    engines: {node: '>= 10'}
    cpu: [arm64]
    os: [linux]
    libc: [musl]

  '@reflink/reflink-linux-x64-gnu@0.1.19':
    resolution: {integrity: sha512-jbI8jvuYCaA3MVUdu8vLoLAFqC+iNMpiSuLbxlAgg7x3K5bsS8nOpTRnkLF7vISJ+rVR8W+7ThXlXlUQ93ulkw==}
    engines: {node: '>= 10'}
    cpu: [x64]
    os: [linux]
    libc: [glibc]

  '@reflink/reflink-linux-x64-musl@0.1.19':
    resolution: {integrity: sha512-e9FBWDe+lv7QKAwtKOt6A2W/fyy/aEEfr0g6j/hWzvQcrzHCsz07BNQYlNOjTfeytrtLU7k449H1PI95jA4OjQ==}
    engines: {node: '>= 10'}
    cpu: [x64]
    os: [linux]
    libc: [musl]

  '@reflink/reflink-win32-arm64-msvc@0.1.19':
    resolution: {integrity: sha512-09PxnVIQcd+UOn4WAW73WU6PXL7DwGS6wPlkMhMg2zlHHG65F3vHepOw06HFCq+N42qkaNAc8AKIabWvtk6cIQ==}
    engines: {node: '>= 10'}
    cpu: [arm64]
    os: [win32]

  '@reflink/reflink-win32-x64-msvc@0.1.19':
    resolution: {integrity: sha512-E//yT4ni2SyhwP8JRjVGWr3cbnhWDiPLgnQ66qqaanjjnMiu3O/2tjCPQXlcGc/DEYofpDc9fvhv6tALQsMV9w==}
    engines: {node: '>= 10'}
    cpu: [x64]
    os: [win32]

  '@reflink/reflink@0.1.19':
    resolution: {integrity: sha512-DmCG8GzysnCZ15bres3N5AHCmwBwYgp0As6xjhQ47rAUTUXxJiK+lLUxaGsX3hd/30qUpVElh05PbGuxRPgJwA==}
    engines: {node: '>= 10'}

  detect-libc@2.1.2:
    resolution: {integrity: sha512-Btj2BOOO83o3WyH59e8MgXsxEQVcarkUOpEYrubB0urwnN10yQ364rsiByU11nZlqWYZm05i/of7io4mzihBtQ==}
    engines: {node: '>=8'}

  pnpm@11.5.3:
    resolution: {integrity: sha512-esHJGTQcITo03A0Cr7cUPFwmrCbujEeC3uqCG4rGTSE0oIH9iUHa5uKbu0j1jfwrf7zuzMB8svCdIZ00Kklp7Q==}
    engines: {node: '>=22.13'}
    hasBin: true

snapshots:

  '@pnpm/exe@11.5.3':
    dependencies:
      '@reflink/reflink': 0.1.19
      detect-libc: 2.1.2
    optionalDependencies:
      '@pnpm/linux-arm64': 11.5.3
      '@pnpm/linux-x64': 11.5.3
      '@pnpm/linuxstatic-arm64': 11.5.3
      '@pnpm/linuxstatic-x64': 11.5.3
      '@pnpm/macos-arm64': 11.5.3
      '@pnpm/win-arm64': 11.5.3
      '@pnpm/win-x64': 11.5.3

  '@pnpm/linux-arm64@11.5.3':
    optional: true

  '@pnpm/linux-x64@11.5.3':
    optional: true

  '@pnpm/linuxstatic-arm64@11.5.3':
    optional: true

  '@pnpm/linuxstatic-x64@11.5.3':
    optional: true

  '@pnpm/macos-arm64@11.5.3':
    optional: true

  '@pnpm/win-arm64@11.5.3':
    optional: true

  '@pnpm/win-x64@11.5.3':
    optional: true

  '@reflink/reflink-darwin-arm64@0.1.19':
    optional: true

  '@reflink/reflink-darwin-x64@0.1.19':
    optional: true

  '@reflink/reflink-linux-arm64-gnu@0.1.19':
    optional: true

  '@reflink/reflink-linux-arm64-musl@0.1.19':
    optional: true

  '@reflink/reflink-linux-x64-gnu@0.1.19':
    optional: true

  '@reflink/reflink-linux-x64-musl@0.1.19':
    optional: true

  '@reflink/reflink-win32-arm64-msvc@0.1.19':
    optional: true

  '@reflink/reflink-win32-x64-msvc@0.1.19':
    optional: true

  '@reflink/reflink@0.1.19':
    optionalDependencies:
      '@reflink/reflink-darwin-arm64': 0.1.19
      '@reflink/reflink-darwin-x64': 0.1.19
      '@reflink/reflink-linux-arm64-gnu': 0.1.19
      '@reflink/reflink-linux-arm64-musl': 0.1.19
      '@reflink/reflink-linux-x64-gnu': 0.1.19
      '@reflink/reflink-linux-x64-musl': 0.1.19
      '@reflink/reflink-win32-arm64-msvc': 0.1.19
      '@reflink/reflink-win32-x64-msvc': 0.1.19

  detect-libc@2.1.2: {}

  pnpm@11.5.3: {}

---
lockfileVersion: '9.0'

settings:
  autoInstallPeers: true
  excludeLinksFromLockfile: false

importers:

  .:
    devDependencies:
      playwright:
        specifier: ^1.60.0
        version: 1.60.0

packages:

  fsevents@2.3.2:
    resolution: {integrity: sha512-xiqMQR4xAeHTuB9uWm+fFRcIOgKBMiOBP+eXiyT7jsgVCq1bkVygt00oASowB7EdtpOHaaPgKt812P9ab+DDKA==}
    engines: {node: ^8.16.0 || ^10.6.0 || >=11.0.0}
    os: [darwin]

  playwright-core@1.60.0:
    resolution: {integrity: sha512-9bW6zvX/m0lEbgTKJ6YppOKx8H3VOPBMOCFh2irXFOT4BbHgrx5hPjwJYLT40Lu+4qtD36qKc/Hn56StUW57IA==}
    engines: {node: '>=18'}
    hasBin: true

  playwright@1.60.0:
    resolution: {integrity: sha512-hheHdokM8cdqCb0lcE3s+zT4t4W+vvjpGxsZlDnikarzx8tSzMebh3UiFtgqwFwnTnjYQcsyMF8ei2mCO/tpeA==}
    engines: {node: '>=18'}
    hasBin: true

snapshots:

  fsevents@2.3.2:
    optional: true

  playwright-core@1.60.0: {}

  playwright@1.60.0:
    dependencies:
      playwright-core: 1.60.0
    optionalDependencies:
      fsevents: 2.3.2
